// !$*UTF8*$!
{
	archiveVersion = 1;
	classes = {
	};
	objectVersion = 46;
	objects = {

/* Begin PBXFileReference section */
		A118AE6E1C5F6EB40041AB6E /* api */ = {isa = PBXFileReference; lastKnownFileType = folder; name = api; path = ../src/api; sourceTree = "<group>"; };
		A118AE6F1C5F6EB40041AB6E /* applications */ = {isa = PBXFileReference; lastKnownFileType = folder; name = applications; path = ../src/applications; sourceTree = "<group>"; };
		A118AE701C5F6EB40041AB6E /* base */ = {isa = PBXFileReference; lastKnownFileType = folder; name = base; path = ../src/base; sourceTree = "<group>"; };
		A118AE711C5F6EB40041AB6E /* buffer */ = {isa = PBXFileReference; lastKnownFileType = folder; name = buffer; path = ../src/buffer; sourceTree = "<group>"; };
		A118AE721C5F6EB40041AB6E /* incoming */ = {isa = PBXFileReference; lastKnownFileType = folder; name = incoming; path = ../src/incoming; sourceTree = "<group>"; };
		A118AE731C5F6EB40041AB6E /* linklayer */ = {isa = PBXFileReference; lastKnownFileType = folder; name = linklayer; path = ../src/linklayer; sourceTree = "<group>"; };
		A118AE741C5F6EB40041AB6E /* networklayer */ = {isa = PBXFileReference; lastKnownFileType = folder; name = networklayer; path = ../src/networklayer; sourceTree = "<group>"; };
		A118AE751C5F6EB40041AB6E /* nodes */ = {isa = PBXFileReference; lastKnownFileType = folder; name = nodes; path = ../src/nodes; sourceTree = "<group>"; };
		A118AE761C5F6EB40041AB6E /* scheduler */ = {isa = PBXFileReference; lastKnownFileType = folder; name = scheduler; path = ../src/scheduler; sourceTree = "<group>"; };
		A118AE771C5F6EB40041AB6E /* services */ = {isa = PBXFileReference; lastKnownFileType = folder; name = services; path = ../src/services; sourceTree = "<group>"; };
		A118AE781C5F6EB40041AB6E /* synchronisation */ = {isa = PBXFileReference; lastKnownFileType = folder; name = synchronisation; path = ../src/synchronisation; sourceTree = "<group>"; };
		A118AE791C5F6EB40041AB6E /* utilities */ = {isa = PBXFileReference; lastKnownFileType = folder; name = utilities; path = ../src/utilities; sourceTree = "<group>"; };
/* End PBXFileReference section */

/* Begin PBXGroup section */
		A1A56C4A1C5BBC8B007DB77F = {
			isa = PBXGroup;
			children = (
				A118AE6E1C5F6EB40041AB6E /* api */,
				A118AE6F1C5F6EB40041AB6E /* applications */,
				A118AE701C5F6EB40041AB6E /* base */,
				A118AE711C5F6EB40041AB6E /* buffer */,
				A118AE721C5F6EB40041AB6E /* incoming */,
				A118AE731C5F6EB40041AB6E /* linklayer */,
				A118AE741C5F6EB40041AB6E /* networklayer */,
				A118AE751C5F6EB40041AB6E /* nodes */,
				A118AE761C5F6EB40041AB6E /* scheduler */,
				A118AE771C5F6EB40041AB6E /* services */,
				A118AE781C5F6EB40041AB6E /* synchronisation */,
				A118AE791C5F6EB40041AB6E /* utilities */,
			);
			sourceTree = "<group>";
		};
/* End PBXGroup section */

/* Begin PBXLegacyTarget section */
		A1A56C4F1C5BBC8B007DB77F /* CoRE4INET */ = {
			isa = PBXLegacyTarget;
			buildArgumentsString = "$(ACTION)";
			buildConfigurationList = A1A56C521C5BBC8B007DB77F /* Build configuration list for PBXLegacyTarget "CoRE4INET" */;
			buildPhases = (
			);
			buildToolPath = /usr/bin/make;
			buildWorkingDirectory = ../src;
			dependencies = (
			);
			name = CoRE4INET;
			passBuildSettingsInEnvironment = 1;
			productName = CoRE4INET;
		};
/* End PBXLegacyTarget section */

/* Begin PBXProject section */
		A1A56C4B1C5BBC8B007DB77F /* Project object */ = {
			isa = PBXProject;
			attributes = {
				LastUpgradeCheck = 0720;
				ORGANIZATIONNAME = "CoRE Researchgroup";
				TargetAttributes = {
					A1A56C4F1C5BBC8B007DB77F = {
						CreatedOnToolsVersion = 7.2;
					};
				};
			};
			buildConfigurationList = A1A56C4E1C5BBC8B007DB77F /* Build configuration list for PBXProject "CoRE4INET" */;
			compatibilityVersion = "Xcode 3.2";
			developmentRegion = English;
			hasScannedForEncodings = 0;
			knownRegions = (
				en,
			);
			mainGroup = A1A56C4A1C5BBC8B007DB77F;
			projectDirPath = "";
			projectRoot = "";
			targets = (
				A1A56C4F1C5BBC8B007DB77F /* CoRE4INET */,
			);
		};
/* End PBXProject section */

/* Begin XCBuildConfiguration section */
		A1A56C501C5BBC8B007DB77F /* Debug */ = {
			isa = XCBuildConfiguration;
			buildSettings = {
				ALWAYS_SEARCH_USER_PATHS = NO;
				CLANG_CXX_LANGUAGE_STANDARD = "gnu++0x";
				CLANG_CXX_LIBRARY = "libc++";
				CLANG_ENABLE_MODULES = YES;
				CLANG_ENABLE_OBJC_ARC = YES;
				CLANG_WARN_BOOL_CONVERSION = YES;
				CLANG_WARN_CONSTANT_CONVERSION = YES;
				CLANG_WARN_DIRECT_OBJC_ISA_USAGE = YES_ERROR;
				CLANG_WARN_EMPTY_BODY = YES;
				CLANG_WARN_ENUM_CONVERSION = YES;
				CLANG_WARN_INT_CONVERSION = YES;
				CLANG_WARN_OBJC_ROOT_CLASS = YES_ERROR;
				CLANG_WARN_UNREACHABLE_CODE = YES;
				CLANG_WARN__DUPLICATE_METHOD_MATCH = YES;
				COPY_PHASE_STRIP = NO;
				DEBUG_INFORMATION_FORMAT = dwarf;
				ENABLE_STRICT_OBJC_MSGSEND = YES;
				ENABLE_TESTABILITY = YES;
				GCC_C_LANGUAGE_STANDARD = gnu99;
				GCC_DYNAMIC_NO_PIC = NO;
				GCC_NO_COMMON_BLOCKS = YES;
				GCC_OPTIMIZATION_LEVEL = 0;
				GCC_PREPROCESSOR_DEFINITIONS = (
					"DEBUG=1",
					"$(inherited)",
				);
				GCC_WARN_64_TO_32_BIT_CONVERSION = YES;
				GCC_WARN_ABOUT_RETURN_TYPE = YES_ERROR;
				GCC_WARN_UNDECLARED_SELECTOR = YES;
				GCC_WARN_UNINITIALIZED_AUTOS = YES_AGGRESSIVE;
				GCC_WARN_UNUSED_FUNCTION = YES;
				GCC_WARN_UNUSED_VARIABLE = YES;
				MTL_ENABLE_DEBUG_INFO = YES;
				ONLY_ACTIVE_ARCH = YES;
				PATH = "$PATH:/Applications/omnetpp/omnetpp-4.6/bin";
			};
			name = Debug;
		};
		A1A56C511C5BBC8B007DB77F /* Release */ = {
			isa = XCBuildConfiguration;
			buildSettings = {
				ALWAYS_SEARCH_USER_PATHS = NO;
				CLANG_CXX_LANGUAGE_STANDARD = "gnu++0x";
				CLANG_CXX_LIBRARY = "libc++";
				CLANG_ENABLE_MODULES = YES;
				CLANG_ENABLE_OBJC_ARC = YES;
				CLANG_WARN_BOOL_CONVERSION = YES;
				CLANG_WARN_CONSTANT_CONVERSION = YES;
				CLANG_WARN_DIRECT_OBJC_ISA_USAGE = YES_ERROR;
				CLANG_WARN_EMPTY_BODY = YES;
				CLANG_WARN_ENUM_CONVERSION = YES;
				CLANG_WARN_INT_CONVERSION = YES;
				CLANG_WARN_OBJC_ROOT_CLASS = YES_ERROR;
				CLANG_WARN_UNREACHABLE_CODE = YES;
				CLANG_WARN__DUPLICATE_METHOD_MATCH = YES;
				COPY_PHASE_STRIP = NO;
				DEBUG_INFORMATION_FORMAT = "dwarf-with-dsym";
				ENABLE_NS_ASSERTIONS = NO;
				ENABLE_STRICT_OBJC_MSGSEND = YES;
				GCC_C_LANGUAGE_STANDARD = gnu99;
				GCC_NO_COMMON_BLOCKS = YES;
				GCC_WARN_64_TO_32_BIT_CONVERSION = YES;
				GCC_WARN_ABOUT_RETURN_TYPE = YES_ERROR;
				GCC_WARN_UNDECLARED_SELECTOR = YES;
				GCC_WARN_UNINITIALIZED_AUTOS = YES_AGGRESSIVE;
				GCC_WARN_UNUSED_FUNCTION = YES;
				GCC_WARN_UNUSED_VARIABLE = YES;
				MTL_ENABLE_DEBUG_INFO = NO;
				PATH = "$PATH:/Applications/omnetpp/omnetpp-4.6/bin";
			};
			name = Release;
		};
		A1A56C531C5BBC8B007DB77F /* Debug */ = {
			isa = XCBuildConfiguration;
			buildSettings = {
				DEBUGGING_SYMBOLS = YES;
				DEBUG_INFORMATION_FORMAT = dwarf;
				GCC_GENERATE_DEBUGGING_SYMBOLS = YES;
				GCC_OPTIMIZATION_LEVEL = 0;
				OTHER_CFLAGS = "";
				OTHER_LDFLAGS = "";
				PRODUCT_NAME = "$(TARGET_NAME)";
			};
			name = Debug;
		};
		A1A56C541C5BBC8B007DB77F /* Release */ = {
			isa = XCBuildConfiguration;
			buildSettings = {
				DEBUG_INFORMATION_FORMAT = "dwarf-with-dsym";
				OTHER_CFLAGS = "";
				OTHER_LDFLAGS = "";
				PRODUCT_NAME = "$(TARGET_NAME)";
			};
			name = Release;
		};
/* End XCBuildConfiguration section */

/* Begin XCConfigurationList section */
		A1A56C4E1C5BBC8B007DB77F /* Build configuration list for PBXProject "CoRE4INET" */ = {
			isa = XCConfigurationList;
			buildConfigurations = (
				A1A56C501C5BBC8B007DB77F /* Debug */,
				A1A56C511C5BBC8B007DB77F /* Release */,
			);
			defaultConfigurationIsVisible = 0;
			defaultConfigurationName = Release;
		};
		A1A56C521C5BBC8B007DB77F /* Build configuration list for PBXLegacyTarget "CoRE4INET" */ = {
			isa = XCConfigurationList;
			buildConfigurations = (
				A1A56C531C5BBC8B007DB77F /* Debug */,
				A1A56C541C5BBC8B007DB77F /* Release */,
			);
			defaultConfigurationIsVisible = 0;
			defaultConfigurationName = Release;
		};
/* End XCConfigurationList section */
	};
	rootObject = A1A56C4B1C5BBC8B007DB77F /* Project object */;
}
